
Microsoft Visual Studio Solution File, Format Version 12.00
# Visual Studio 2012
Project("{FAE04EC0-301F-11D3-BF4B-00C04F79EFBC}") = "ProcessForcePlanes", "ProcessForcePlanes\ProcessForcePlanes.csproj", "{6AF267F4-55B2-4C89-B497-956FFF9F8DFE}"
EndProject
Global
	GlobalSection(SolutionConfigurationPlatforms) = preSolution
		Debug|Any CPU = Debug|Any CPU
		Release|Any CPU = Release|Any CPU
	EndGlobalSection
	GlobalSection(ProjectConfigurationPlatforms) = postSolution
		{6AF267F4-55B2-4C89-B497-956FFF9F8DFE}.Debug|Any CPU.ActiveCfg = Debug|Any CPU
		{6AF267F4-55B2-4C89-B497-956FFF9F8DFE}.Debug|Any CPU.Build.0 = Debug|Any CPU
		{6AF267F4-55B2-4C89-B497-956FFF9F8DFE}.Release|Any CPU.ActiveCfg = Release|Any CPU
		{6AF267F4-55B2-4C89-B497-956FFF9F8DFE}.Release|Any CPU.Build.0 = Release|Any CPU
	EndGlobalSection
	GlobalSection(SolutionProperties) = preSolution
		HideSolutionNode = FALSE
	EndGlobalSection
EndGlobal
